{
  "name": "Verbly",
  "lockfileVersion": 3,
  "requires": true,
  "packages": {
    "": {
      "dependencies": {
        "@udecode/plate-combobox": "^34.0.8"
      }
    },
    "node_modules/@babel/runtime": {
      "version": "7.24.7",
      "resolved": "https://registry.npmjs.org/@babel/runtime/-/runtime-7.24.7.tgz",
      "integrity": "sha512-UwgBRMjJP+xv857DCngvqXI3Iq6J4v0wXmwc6sapg+zyhbwmQX67LUEFrkK5tbyJ30jGuG3ZvWpBiB9LCy1kWw==",
      "dependencies": {
        "regenerator-runtime": "^0.14.0"
      },
      "engines": {
        "node": ">=6.9.0"
      }
    },
    "node_modules/@juggle/resize-observer": {
      "version": "3.4.0",
      "resolved": "https://registry.npmjs.org/@juggle/resize-observer/-/resize-observer-3.4.0.tgz",
      "integrity": "sha512-dfLbk+PwWvFzSxwk3n5ySL0hfBog779o8h68wK/7/APo/7cgyWp5jcXockbxdk5kFRkbeXWm4Fbi9FrdN381sA==",
      "peer": true
    },
    "node_modules/@radix-ui/react-compose-refs": {
      "version": "1.1.0",
      "resolved": "https://registry.npmjs.org/@radix-ui/react-compose-refs/-/react-compose-refs-1.1.0.tgz",
      "integrity": "sha512-b4inOtiaOnYf9KWyO3jAeeCG6FeyfY6ldiEPanbUjWd+xIk5wZeHa8yVwmrJ2vderhu/BQvzCrJI0lHd+wIiqw==",
      "peer": true,
      "peerDependencies": {
        "@types/react": "*",
        "react": "^16.8 || ^17.0 || ^18.0 || ^19.0 || ^19.0.0-rc"
      },
      "peerDependenciesMeta": {
        "@types/react": {
          "optional": true
        }
      }
    },
    "node_modules/@radix-ui/react-slot": {
      "version": "1.1.0",
      "resolved": "https://registry.npmjs.org/@radix-ui/react-slot/-/react-slot-1.1.0.tgz",
      "integrity": "sha512-FUCf5XMfmW4dtYl69pdS4DbxKy8nj4M7SafBgPllysxmdachynNflAdp/gCsnYWNDnge6tI9onzMp5ARYc1KNw==",
      "peer": true,
      "dependencies": {
        "@radix-ui/react-compose-refs": "1.1.0"
      },
      "peerDependencies": {
        "@types/react": "*",
        "react": "^16.8 || ^17.0 || ^18.0 || ^19.0 || ^19.0.0-rc"
      },
      "peerDependenciesMeta": {
        "@types/react": {
          "optional": true
        }
      }
    },
    "node_modules/@types/is-hotkey": {
      "version": "0.1.10",
      "resolved": "https://registry.npmjs.org/@types/is-hotkey/-/is-hotkey-0.1.10.tgz",
      "integrity": "sha512-RvC8KMw5BCac1NvRRyaHgMMEtBaZ6wh0pyPTBu7izn4Sj/AX9Y4aXU5c7rX8PnM/knsuUpC1IeoBkANtxBypsQ==",
      "peer": true
    },
    "node_modules/@types/lodash": {
      "version": "4.17.6",
      "resolved": "https://registry.npmjs.org/@types/lodash/-/lodash-4.17.6.tgz",
      "integrity": "sha512-OpXEVoCKSS3lQqjx9GGGOapBeuW5eUboYHRlHP9urXPX25IKZ6AnP5ZRxtVf63iieUbsHxLn8NQ5Nlftc6yzAA==",
      "peer": true
    },
    "node_modules/@udecode/plate-combobox": {
      "version": "34.0.8",
      "resolved": "https://registry.npmjs.org/@udecode/plate-combobox/-/plate-combobox-34.0.8.tgz",
      "integrity": "sha512-ZblHQJBBSkuEj5ePMf2U1jsQj+dJeGBKqKCmvfjroA6kLzAPYMr0KhxVOzSpjUqDpaOCTl+EVIjrpgnATZZFYQ==",
      "dependencies": {
        "downshift": "^6.1.12"
      },
      "peerDependencies": {
        "@udecode/plate-common": ">=34.0.5",
        "react": ">=16.8.0",
        "react-dom": ">=16.8.0",
        "slate": ">=0.94.0",
        "slate-history": ">=0.93.0",
        "slate-hyperscript": ">=0.66.0",
        "slate-react": ">=0.99.0"
      }
    },
    "node_modules/@udecode/plate-common": {
      "version": "34.0.5",
      "resolved": "https://registry.npmjs.org/@udecode/plate-common/-/plate-common-34.0.5.tgz",
      "integrity": "sha512-Z3VEmkUa6LO0s1hSFY5n2ibZ/7WTaPCLqZOsdSfSsjCo0JY7cWI/VNTNBEQQxdxZqFQY7vluimeTmx5TrE8Psw==",
      "peer": true,
      "dependencies": {
        "@udecode/plate-core": "34.0.4",
        "@udecode/plate-utils": "34.0.5",
        "@udecode/react-utils": "33.0.0",
        "@udecode/slate": "32.0.1",
        "@udecode/slate-react": "33.0.0",
        "@udecode/slate-utils": "34.0.4",
        "@udecode/utils": "31.0.0"
      },
      "peerDependencies": {
        "react": ">=16.8.0",
        "react-dom": ">=16.8.0",
        "slate": ">=0.94.0",
        "slate-history": ">=0.93.0",
        "slate-hyperscript": ">=0.66.0",
        "slate-react": ">=0.99.0"
      }
    },
    "node_modules/@udecode/plate-core": {
      "version": "34.0.4",
      "resolved": "https://registry.npmjs.org/@udecode/plate-core/-/plate-core-34.0.4.tgz",
      "integrity": "sha512-R9ua5mP8gUDt7pKfAU5qDQjXG0sH0y3pT0vXRWuueCk0xFdVMvfatvEVze+K5XkzuG3mHs6QnVQu+6ihrr74qg==",
      "peer": true,
      "dependencies": {
        "@udecode/slate": "32.0.1",
        "@udecode/slate-react": "33.0.0",
        "@udecode/slate-utils": "34.0.4",
        "@udecode/utils": "31.0.0",
        "clsx": "^1.2.1",
        "is-hotkey": "^0.2.0",
        "jotai": "^2.7.1",
        "jotai-optics": "0.3.2",
        "jotai-x": "^1.2.3",
        "lodash": "^4.17.21",
        "nanoid": "^3.3.7",
        "optics-ts": "2.4.1",
        "react-hotkeys-hook": "^4.5.0",
        "use-deep-compare": "^1.2.1",
        "zustand": "^4.5.2",
        "zustand-x": "^3.0.2"
      },
      "peerDependencies": {
        "react": ">=16.8.0",
        "react-dom": ">=16.8.0",
        "slate": ">=0.94.0",
        "slate-history": ">=0.93.0",
        "slate-hyperscript": ">=0.66.0",
        "slate-react": ">=0.99.0"
      }
    },
    "node_modules/@udecode/plate-utils": {
      "version": "34.0.5",
      "resolved": "https://registry.npmjs.org/@udecode/plate-utils/-/plate-utils-34.0.5.tgz",
      "integrity": "sha512-10yzRnUfVBsb9Z3vdIYzgM7V+BcCXrirJjaODTLy2gBM7Irovxg7f30CNNNaVOqMoV+/54DaZ7bio3cBBP8A7Q==",
      "peer": true,
      "dependencies": {
        "@udecode/plate-core": "34.0.4",
        "@udecode/react-utils": "33.0.0",
        "@udecode/slate": "32.0.1",
        "@udecode/slate-react": "33.0.0",
        "@udecode/slate-utils": "34.0.4",
        "@udecode/utils": "31.0.0",
        "clsx": "^1.2.1",
        "lodash": "^4.17.21"
      },
      "peerDependencies": {
        "react": ">=16.8.0",
        "react-dom": ">=16.8.0",
        "slate": ">=0.94.0",
        "slate-history": ">=0.93.0",
        "slate-hyperscript": ">=0.66.0",
        "slate-react": ">=0.99.0"
      }
    },
    "node_modules/@udecode/react-utils": {
      "version": "33.0.0",
      "resolved": "https://registry.npmjs.org/@udecode/react-utils/-/react-utils-33.0.0.tgz",
      "integrity": "sha512-ptFyi2mivkyd/HUVWj1PXCCXLVBecLQ3b6DweNesoabdlf/43aUetL4oHVCXr97TAKck7xi2MZbSUNlMAmLhmA==",
      "peer": true,
      "dependencies": {
        "@radix-ui/react-slot": "^1.0.2",
        "@udecode/utils": "31.0.0",
        "clsx": "^1.2.1"
      },
      "peerDependencies": {
        "react": ">=16.8.0",
        "react-dom": ">=16.8.0"
      }
    },
    "node_modules/@udecode/slate": {
      "version": "32.0.1",
      "resolved": "https://registry.npmjs.org/@udecode/slate/-/slate-32.0.1.tgz",
      "integrity": "sha512-kmuOF8OZHQTgsU3XLeN5CztI5Q08UMjH4IjtNjSZq+euNGA4DHEcSuVpucaE99r8cLtp1ReT426bmizEa0G1aQ==",
      "peer": true,
      "dependencies": {
        "@udecode/utils": "31.0.0"
      },
      "peerDependencies": {
        "slate": ">=0.94.0",
        "slate-history": ">=0.93.0"
      }
    },
    "node_modules/@udecode/slate-react": {
      "version": "33.0.0",
      "resolved": "https://registry.npmjs.org/@udecode/slate-react/-/slate-react-33.0.0.tgz",
      "integrity": "sha512-ey+0IWwgIt/nB9U8fuDkbC48evmAJNnNe9w1ZNFO7hpgrRvC9/49Ld0L0wQ3AJ1U2TNHUaPXfTvPDSFI/8AcNw==",
      "peer": true,
      "dependencies": {
        "@udecode/react-utils": "33.0.0",
        "@udecode/slate": "32.0.1",
        "@udecode/utils": "31.0.0"
      },
      "peerDependencies": {
        "react": ">=16.8.0",
        "react-dom": ">=16.8.0",
        "slate": ">=0.94.0",
        "slate-history": ">=0.93.0",
        "slate-react": ">=0.99.0"
      }
    },
    "node_modules/@udecode/slate-utils": {
      "version": "34.0.4",
      "resolved": "https://registry.npmjs.org/@udecode/slate-utils/-/slate-utils-34.0.4.tgz",
      "integrity": "sha512-xaK9rmlPmQuqDzKn5Ub/OpIqACd1oCrjjvOFMSbSYOCcM1TlLSPdnRFEB833FbnFHITIZBj4u2f6kTLQBrLTUg==",
      "peer": true,
      "dependencies": {
        "@udecode/slate": "32.0.1",
        "@udecode/utils": "31.0.0",
        "lodash": "^4.17.21"
      },
      "peerDependencies": {
        "slate": ">=0.94.0",
        "slate-history": ">=0.93.0"
      }
    },
    "node_modules/@udecode/utils": {
      "version": "31.0.0",
      "resolved": "https://registry.npmjs.org/@udecode/utils/-/utils-31.0.0.tgz",
      "integrity": "sha512-06JTl1UAm3mzLLAx8hdMUFw4XRQG727z9JoJ9PeBnmFb9q4Cg3DdmbFnhVJMrBPWlyOwoHtPrBjnanTFeiP36Q==",
      "peer": true
    },
    "node_modules/clsx": {
      "version": "1.2.1",
      "resolved": "https://registry.npmjs.org/clsx/-/clsx-1.2.1.tgz",
      "integrity": "sha512-EcR6r5a8bj6pu3ycsa/E/cKVGuTgZJZdsyUYHOksG/UHIiKfjxzRxYJpyVBwYaQeOvghal9fcc4PidlgzugAQg==",
      "peer": true,
      "engines": {
        "node": ">=6"
      }
    },
    "node_modules/compute-scroll-into-view": {
      "version": "1.0.20",
      "resolved": "https://registry.npmjs.org/compute-scroll-into-view/-/compute-scroll-into-view-1.0.20.tgz",
      "integrity": "sha512-UCB0ioiyj8CRjtrvaceBLqqhZCVP+1B8+NWQhmdsm0VXOJtobBCf1dBQmebCCo34qZmUwZfIH2MZLqNHazrfjg=="
    },
    "node_modules/dequal": {
      "version": "2.0.3",
      "resolved": "https://registry.npmjs.org/dequal/-/dequal-2.0.3.tgz",
      "integrity": "sha512-0je+qPKHEMohvfRTCEo3CrPG6cAzAYgmzKyxRiYSSDkS6eGJdyVJm7WaYA5ECaAD9wLB2T4EEeymA5aFVcYXCA==",
      "peer": true,
      "engines": {
        "node": ">=6"
      }
    },
    "node_modules/direction": {
      "version": "1.0.4",
      "resolved": "https://registry.npmjs.org/direction/-/direction-1.0.4.tgz",
      "integrity": "sha512-GYqKi1aH7PJXxdhTeZBFrg8vUBeKXi+cNprXsC1kpJcbcVnV9wBsrOu1cQEdG0WeQwlfHiy3XvnKfIrJ2R0NzQ==",
      "peer": true,
      "bin": {
        "direction": "cli.js"
      },
      "funding": {
        "type": "github",
        "url": "https://github.com/sponsors/wooorm"
      }
    },
    "node_modules/downshift": {
      "version": "6.1.12",
      "resolved": "https://registry.npmjs.org/downshift/-/downshift-6.1.12.tgz",
      "integrity": "sha512-7XB/iaSJVS4T8wGFT3WRXmSF1UlBHAA40DshZtkrIscIN+VC+Lh363skLxFTvJwtNgHxAMDGEHT4xsyQFWL+UA==",
      "dependencies": {
        "@babel/runtime": "^7.14.8",
        "compute-scroll-into-view": "^1.0.17",
        "prop-types": "^15.7.2",
        "react-is": "^17.0.2",
        "tslib": "^2.3.0"
      },
      "peerDependencies": {
        "react": ">=16.12.0"
      }
    },
    "node_modules/immer": {
      "version": "10.1.1",
      "resolved": "https://registry.npmjs.org/immer/-/immer-10.1.1.tgz",
      "integrity": "sha512-s2MPrmjovJcoMaHtx6K11Ra7oD05NT97w1IC5zpMkT6Atjr7H8LjaDd81iIxUYpMKSRRNMJE703M1Fhr/TctHw==",
      "peer": true,
      "funding": {
        "type": "opencollective",
        "url": "https://opencollective.com/immer"
      }
    },
    "node_modules/is-hotkey": {
      "version": "0.2.0",
      "resolved": "https://registry.npmjs.org/is-hotkey/-/is-hotkey-0.2.0.tgz",
      "integrity": "sha512-UknnZK4RakDmTgz4PI1wIph5yxSs/mvChWs9ifnlXsKuXgWmOkY/hAE0H/k2MIqH0RlRye0i1oC07MCRSD28Mw==",
      "peer": true
    },
    "node_modules/is-plain-object": {
      "version": "5.0.0",
      "resolved": "https://registry.npmjs.org/is-plain-object/-/is-plain-object-5.0.0.tgz",
      "integrity": "sha512-VRSzKkbMm5jMDoKLbltAkFQ5Qr7VDiTFGXxYFXXowVj387GeGNOCsOH6Msy00SGZ3Fp84b1Naa1psqgcCIEP5Q==",
      "peer": true,
      "engines": {
        "node": ">=0.10.0"
      }
    },
    "node_modules/jotai": {
      "version": "2.8.4",
      "resolved": "https://registry.npmjs.org/jotai/-/jotai-2.8.4.tgz",
      "integrity": "sha512-f6jwjhBJcDtpeauT2xH01gnqadKEySwwt1qNBLvAXcnojkmb76EdqRt05Ym8IamfHGAQz2qMKAwftnyjeSoHAA==",
      "peer": true,
      "engines": {
        "node": ">=12.20.0"
      },
      "peerDependencies": {
        "@types/react": ">=17.0.0",
        "react": ">=17.0.0"
      },
      "peerDependenciesMeta": {
        "@types/react": {
          "optional": true
        },
        "react": {
          "optional": true
        }
      }
    },
    "node_modules/jotai-optics": {
      "version": "0.3.2",
      "resolved": "https://registry.npmjs.org/jotai-optics/-/jotai-optics-0.3.2.tgz",
      "integrity": "sha512-RH6SvqU5hmkVqnHmaqf9zBXvIAs4jLxkDHS4fr5ljuBKHs8+HQ02v+9hX7ahTppxx6dUb0GGUE80jQKJ0kFTLw==",
      "peer": true,
      "peerDependencies": {
        "jotai": ">=1.11.0",
        "optics-ts": "*"
      }
    },
    "node_modules/jotai-x": {
      "version": "1.2.3",
      "resolved": "https://registry.npmjs.org/jotai-x/-/jotai-x-1.2.3.tgz",
      "integrity": "sha512-hQSO2oKZAHvH2Ndm8sMQQ+MjQfSZOh33ET6C0S/D10WWOvKTlvAvwvDkt6NNj8psENt+J2rYP8+brmbyimdYDw==",
      "peer": true,
      "peerDependencies": {
        "@types/react": ">=17.0.0",
        "jotai": ">=2.0.0",
        "react": ">=17.0.0"
      },
      "peerDependenciesMeta": {
        "@types/react": {
          "optional": true
        },
        "react": {
          "optional": true
        }
      }
    },
    "node_modules/js-tokens": {
      "version": "4.0.0",
      "resolved": "https://registry.npmjs.org/js-tokens/-/js-tokens-4.0.0.tgz",
      "integrity": "sha512-RdJUflcE3cUzKiMqQgsCu06FPu9UdIJO0beYbPhHN4k6apgJtifcoCtT9bcxOpYBtpD2kCM6Sbzg4CausW/PKQ=="
    },
    "node_modules/lodash": {
      "version": "4.17.21",
      "resolved": "https://registry.npmjs.org/lodash/-/lodash-4.17.21.tgz",
      "integrity": "sha512-v2kDEe57lecTulaDIuNTPy3Ry4gLGJ6Z1O3vE1krgXZNrsQ+LFTGHVxVjcXPs17LhbZVGedAJv8XZ1tvj5FvSg==",
      "peer": true
    },
    "node_modules/lodash.mapvalues": {
      "version": "4.6.0",
      "resolved": "https://registry.npmjs.org/lodash.mapvalues/-/lodash.mapvalues-4.6.0.tgz",
      "integrity": "sha512-JPFqXFeZQ7BfS00H58kClY7SPVeHertPE0lNuCyZ26/XlN8TvakYD7b9bGyNmXbT/D3BbtPAAmq90gPWqLkxlQ==",
      "peer": true
    },
    "node_modules/loose-envify": {
      "version": "1.4.0",
      "resolved": "https://registry.npmjs.org/loose-envify/-/loose-envify-1.4.0.tgz",
      "integrity": "sha512-lyuxPGr/Wfhrlem2CL/UcnUc1zcqKAImBDzukY7Y5F/yQiNdko6+fRLevlw1HgMySw7f611UIY408EtxRSoK3Q==",
      "dependencies": {
        "js-tokens": "^3.0.0 || ^4.0.0"
      },
      "bin": {
        "loose-envify": "cli.js"
      }
    },
    "node_modules/nanoid": {
      "version": "3.3.7",
      "resolved": "https://registry.npmjs.org/nanoid/-/nanoid-3.3.7.tgz",
      "integrity": "sha512-eSRppjcPIatRIMC1U6UngP8XFcz8MQWGQdt1MTBQ7NaAmvXDfvNxbvWV3x2y6CdEUciCSsDHDQZbhYaB8QEo2g==",
      "funding": [
        {
          "type": "github",
          "url": "https://github.com/sponsors/ai"
        }
      ],
      "peer": true,
      "bin": {
        "nanoid": "bin/nanoid.cjs"
      },
      "engines": {
        "node": "^10 || ^12 || ^13.7 || ^14 || >=15.0.1"
      }
    },
    "node_modules/object-assign": {
      "version": "4.1.1",
      "resolved": "https://registry.npmjs.org/object-assign/-/object-assign-4.1.1.tgz",
      "integrity": "sha512-rJgTQnkUnH1sFw8yT6VSU3zD3sWmu6sZhIseY8VX+GRu3P6F7Fu+JNDoXfklElbLJSnc3FUQHVe4cU5hj+BcUg==",
      "engines": {
        "node": ">=0.10.0"
      }
    },
    "node_modules/optics-ts": {
      "version": "2.4.1",
      "resolved": "https://registry.npmjs.org/optics-ts/-/optics-ts-2.4.1.tgz",
      "integrity": "sha512-HaYzMHvC80r7U/LqAd4hQyopDezC60PO2qF5GuIwALut2cl5rK1VWHsqTp0oqoJJWjiv6uXKqsO+Q2OO0C3MmQ==",
      "peer": true
    },
    "node_modules/prop-types": {
      "version": "15.8.1",
      "resolved": "https://registry.npmjs.org/prop-types/-/prop-types-15.8.1.tgz",
      "integrity": "sha512-oj87CgZICdulUohogVAR7AjlC0327U4el4L6eAvOqCeudMDVU0NThNaV+b9Df4dXgSP1gXMTnPdhfe/2qDH5cg==",
      "dependencies": {
        "loose-envify": "^1.4.0",
        "object-assign": "^4.1.1",
        "react-is": "^16.13.1"
      }
    },
    "node_modules/prop-types/node_modules/react-is": {
      "version": "16.13.1",
      "resolved": "https://registry.npmjs.org/react-is/-/react-is-16.13.1.tgz",
      "integrity": "sha512-24e6ynE2H+OKt4kqsOvNd8kBpV65zoxbA4BVsEOB3ARVWQki/DHzaUoC5KuON/BiccDaCCTZBuOcfZs70kR8bQ=="
    },
    "node_modules/proxy-compare": {
      "version": "2.6.0",
      "resolved": "https://registry.npmjs.org/proxy-compare/-/proxy-compare-2.6.0.tgz",
      "integrity": "sha512-8xuCeM3l8yqdmbPoYeLbrAXCBWu19XEYc5/F28f5qOaoAIMyfmBUkl5axiK+x9olUvRlcekvnm98AP9RDngOIw==",
      "peer": true
    },
    "node_modules/react": {
      "version": "18.3.1",
      "resolved": "https://registry.npmjs.org/react/-/react-18.3.1.tgz",
      "integrity": "sha512-wS+hAgJShR0KhEvPJArfuPVN1+Hz1t0Y6n5jLrGQbkb4urgPE/0Rve+1kMB1v/oWgHgm4WIcV+i7F2pTVj+2iQ==",
      "peer": true,
      "dependencies": {
        "loose-envify": "^1.1.0"
      },
      "engines": {
        "node": ">=0.10.0"
      }
    },
    "node_modules/react-dom": {
      "version": "18.3.1",
      "resolved": "https://registry.npmjs.org/react-dom/-/react-dom-18.3.1.tgz",
      "integrity": "sha512-5m4nQKp+rZRb09LNH59GM4BxTh9251/ylbKIbpe7TpGxfJ+9kv6BLkLBXIjjspbgbnIBNqlI23tRnTWT0snUIw==",
      "peer": true,
      "dependencies": {
        "loose-envify": "^1.1.0",
        "scheduler": "^0.23.2"
      },
      "peerDependencies": {
        "react": "^18.3.1"
      }
    },
    "node_modules/react-hotkeys-hook": {
      "version": "4.5.0",
      "resolved": "https://registry.npmjs.org/react-hotkeys-hook/-/react-hotkeys-hook-4.5.0.tgz",
      "integrity": "sha512-Samb85GSgAWFQNvVt3PS90LPPGSf9mkH/r4au81ZP1yOIFayLC3QAvqTgGtJ8YEDMXtPmaVBs6NgipHO6h4Mug==",
      "peer": true,
      "peerDependencies": {
        "react": ">=16.8.1",
        "react-dom": ">=16.8.1"
      }
    },
    "node_modules/react-is": {
      "version": "17.0.2",
      "resolved": "https://registry.npmjs.org/react-is/-/react-is-17.0.2.tgz",
      "integrity": "sha512-w2GsyukL62IJnlaff/nRegPQR94C/XXamvMWmSHRJ4y7Ts/4ocGRmTHvOs8PSE6pB3dWOrD/nueuU5sduBsQ4w=="
    },
    "node_modules/react-tracked": {
      "version": "1.7.14",
      "resolved": "https://registry.npmjs.org/react-tracked/-/react-tracked-1.7.14.tgz",
      "integrity": "sha512-6UMlgQeRAGA+uyYzuQGm7kZB6ZQYFhc7sntgP7Oxwwd6M0Ud/POyb4K3QWT1eXvoifSa80nrAWnXWFGpOvbwkw==",
      "peer": true,
      "dependencies": {
        "proxy-compare": "2.6.0",
        "use-context-selector": "1.4.4"
      },
      "peerDependencies": {
        "react": ">=16.8.0",
        "react-dom": "*",
        "react-native": "*",
        "scheduler": ">=0.19.0"
      },
      "peerDependenciesMeta": {
        "react-dom": {
          "optional": true
        },
        "react-native": {
          "optional": true
        }
      }
    },
    "node_modules/regenerator-runtime": {
      "version": "0.14.1",
      "resolved": "https://registry.npmjs.org/regenerator-runtime/-/regenerator-runtime-0.14.1.tgz",
      "integrity": "sha512-dYnhHh0nJoMfnkZs6GmmhFknAGRrLznOu5nc9ML+EJxGvrx6H7teuevqVqCuPcPK//3eDrrjQhehXVx9cnkGdw=="
    },
    "node_modules/scheduler": {
      "version": "0.23.2",
      "resolved": "https://registry.npmjs.org/scheduler/-/scheduler-0.23.2.tgz",
      "integrity": "sha512-UOShsPwz7NrMUqhR6t0hWjFduvOzbtv7toDH1/hIrfRNIDBnnBWd0CwJTGvTpngVlmwGCdP9/Zl/tVrDqcuYzQ==",
      "peer": true,
      "dependencies": {
        "loose-envify": "^1.1.0"
      }
    },
    "node_modules/scroll-into-view-if-needed": {
      "version": "3.1.0",
      "resolved": "https://registry.npmjs.org/scroll-into-view-if-needed/-/scroll-into-view-if-needed-3.1.0.tgz",
      "integrity": "sha512-49oNpRjWRvnU8NyGVmUaYG4jtTkNonFZI86MmGRDqBphEK2EXT9gdEUoQPZhuBM8yWHxCWbobltqYO5M4XrUvQ==",
      "peer": true,
      "dependencies": {
        "compute-scroll-into-view": "^3.0.2"
      }
    },
    "node_modules/scroll-into-view-if-needed/node_modules/compute-scroll-into-view": {
      "version": "3.1.0",
      "resolved": "https://registry.npmjs.org/compute-scroll-into-view/-/compute-scroll-into-view-3.1.0.tgz",
      "integrity": "sha512-rj8l8pD4bJ1nx+dAkMhV1xB5RuZEyVysfxJqB1pRchh1KVvwOv9b7CGB8ZfjTImVv2oF+sYMUkMZq6Na5Ftmbg==",
      "peer": true
    },
    "node_modules/slate": {
      "version": "0.103.0",
      "resolved": "https://registry.npmjs.org/slate/-/slate-0.103.0.tgz",
      "integrity": "sha512-eCUOVqUpADYMZ59O37QQvUdnFG+8rin0OGQAXNHvHbQeVJ67Bu0spQbcy621vtf8GQUXTEQBlk6OP9atwwob4w==",
      "peer": true,
      "dependencies": {
        "immer": "^10.0.3",
        "is-plain-object": "^5.0.0",
        "tiny-warning": "^1.0.3"
      }
    },
    "node_modules/slate-history": {
      "version": "0.100.0",
      "resolved": "https://registry.npmjs.org/slate-history/-/slate-history-0.100.0.tgz",
      "integrity": "sha512-x5rUuWLNtH97hs9PrFovGgt3Qc5zkTm/5mcUB+0NR/TK923eLax4HsL6xACLHMs245nI6aJElyM1y6hN0y5W/Q==",
      "peer": true,
      "dependencies": {
        "is-plain-object": "^5.0.0"
      },
      "peerDependencies": {
        "slate": ">=0.65.3"
      }
    },
    "node_modules/slate-hyperscript": {
      "version": "0.100.0",
      "resolved": "https://registry.npmjs.org/slate-hyperscript/-/slate-hyperscript-0.100.0.tgz",
      "integrity": "sha512-fb2KdAYg6RkrQGlqaIi4wdqz3oa0S4zKNBJlbnJbNOwa23+9FLD6oPVx9zUGqCSIpy+HIpOeqXrg0Kzwh/Ii4A==",
      "peer": true,
      "dependencies": {
        "is-plain-object": "^5.0.0"
      },
      "peerDependencies": {
        "slate": ">=0.65.3"
      }
    },
    "node_modules/slate-react": {
      "version": "0.106.0",
      "resolved": "https://registry.npmjs.org/slate-react/-/slate-react-0.106.0.tgz",
      "integrity": "sha512-Z29AgdxuLhg9HMBE4iV4kECUJBBYSVCbMq1E6X0ZwswxtgMHCySFByaqNyd6bpXr00untEpuBLcRzXZHQDZK0w==",
      "peer": true,
      "dependencies": {
        "@juggle/resize-observer": "^3.4.0",
        "@types/is-hotkey": "^0.1.8",
        "@types/lodash": "^4.14.200",
        "direction": "^1.0.4",
        "is-hotkey": "^0.2.0",
        "is-plain-object": "^5.0.0",
        "lodash": "^4.17.21",
        "scroll-into-view-if-needed": "^3.1.0",
        "tiny-invariant": "1.3.1"
      },
      "peerDependencies": {
        "react": ">=18.2.0",
        "react-dom": ">=18.2.0",
        "slate": ">=0.99.0"
      }
    },
    "node_modules/tiny-invariant": {
      "version": "1.3.1",
      "resolved": "https://registry.npmjs.org/tiny-invariant/-/tiny-invariant-1.3.1.tgz",
      "integrity": "sha512-AD5ih2NlSssTCwsMznbvwMZpJ1cbhkGd2uueNxzv2jDlEeZdU04JQfRnggJQ8DrcVBGjAsCKwFBbDlVNtEMlzw==",
      "peer": true
    },
    "node_modules/tiny-warning": {
      "version": "1.0.3",
      "resolved": "https://registry.npmjs.org/tiny-warning/-/tiny-warning-1.0.3.tgz",
      "integrity": "sha512-lBN9zLN/oAf68o3zNXYrdCt1kP8WsiGW8Oo2ka41b2IM5JL/S1CTyX1rW0mb/zSuJun0ZUrDxx4sqvYS2FWzPA==",
      "peer": true
    },
    "node_modules/tslib": {
      "version": "2.6.3",
      "resolved": "https://registry.npmjs.org/tslib/-/tslib-2.6.3.tgz",
      "integrity": "sha512-xNvxJEOUiWPGhUuUdQgAJPKOOJfGnIyKySOc09XkKsgdUV/3E2zvwZYdejjmRgPCgcym1juLH3226yA7sEFJKQ=="
    },
    "node_modules/use-context-selector": {
      "version": "1.4.4",
      "resolved": "https://registry.npmjs.org/use-context-selector/-/use-context-selector-1.4.4.tgz",
      "integrity": "sha512-pS790zwGxxe59GoBha3QYOwk8AFGp4DN6DOtH+eoqVmgBBRXVx4IlPDhJmmMiNQAgUaLlP+58aqRC3A4rdaSjg==",
      "peer": true,
      "peerDependencies": {
        "react": ">=16.8.0",
        "react-dom": "*",
        "react-native": "*",
        "scheduler": ">=0.19.0"
      },
      "peerDependenciesMeta": {
        "react-dom": {
          "optional": true
        },
        "react-native": {
          "optional": true
        }
      }
    },
    "node_modules/use-deep-compare": {
      "version": "1.2.1",
      "resolved": "https://registry.npmjs.org/use-deep-compare/-/use-deep-compare-1.2.1.tgz",
      "integrity": "sha512-JTnOZAr0fq1ix6CQ4XANoWIh03xAiMFlP/lVAYDdAOZwur6nqBSdATn1/Q9PLIGIW+C7xmFZBCcaA4KLDcQJtg==",
      "peer": true,
      "dependencies": {
        "dequal": "2.0.3"
      },
      "peerDependencies": {
        "react": ">=16.8.0"
      }
    },
    "node_modules/use-sync-external-store": {
      "version": "1.2.0",
      "resolved": "https://registry.npmjs.org/use-sync-external-store/-/use-sync-external-store-1.2.0.tgz",
      "integrity": "sha512-eEgnFxGQ1Ife9bzYs6VLi8/4X6CObHMw9Qr9tPY43iKwsPw8xE8+EFsf/2cFZ5S3esXgpWgtSCtLNS41F+sKPA==",
      "peer": true,
      "peerDependencies": {
        "react": "^16.8.0 || ^17.0.0 || ^18.0.0"
      }
    },
    "node_modules/zustand": {
      "version": "4.5.4",
      "resolved": "https://registry.npmjs.org/zustand/-/zustand-4.5.4.tgz",
      "integrity": "sha512-/BPMyLKJPtFEvVL0E9E9BTUM63MNyhPGlvxk1XjrfWTUlV+BR8jufjsovHzrtR6YNcBEcL7cMHovL1n9xHawEg==",
      "peer": true,
      "dependencies": {
        "use-sync-external-store": "1.2.0"
      },
      "engines": {
        "node": ">=12.7.0"
      },
      "peerDependencies": {
        "@types/react": ">=16.8",
        "immer": ">=9.0.6",
        "react": ">=16.8"
      },
      "peerDependenciesMeta": {
        "@types/react": {
          "optional": true
        },
        "immer": {
          "optional": true
        },
        "react": {
          "optional": true
        }
      }
    },
    "node_modules/zustand-x": {
      "version": "3.0.3",
      "resolved": "https://registry.npmjs.org/zustand-x/-/zustand-x-3.0.3.tgz",
      "integrity": "sha512-EMZAsybLS0JVTeTtZnLap91EAqwgprQgiFEr+/2XmygzaAE8n1aB5kvnFtH7isijBEzNXncq07F98uCWI5roFg==",
      "peer": true,
      "dependencies": {
        "immer": "^10.0.3",
        "lodash.mapvalues": "^4.6.0",
        "react-tracked": "^1.7.11"
      },
      "peerDependencies": {
        "zustand": ">=4.3.9"
      }
    }
  }
}
